// !$*UTF8*$!
{
	archiveVersion = 1;
	classes = {
	};
	objectVersion = 77;
	objects = {

/* Begin PBXBuildFile section */
		04239E762EE4C6F300C3DC68 /* ContentView.swift in Sources */ = {isa = PBXBuildFile; fileRef = 04239E732EE4C6F300C3DC68 /* ContentView.swift */; };
		04239E772EE4C6F300C3DC68 /* SpotFinderApp.swift in Sources */ = {isa = PBXBuildFile; fileRef = 04239E742EE4C6F300C3DC68 /* SpotFinderApp.swift */; };
		04239E782EE4C6F300C3DC68 /* Assets.xcassets in Resources */ = {isa = PBXBuildFile; fileRef = 04239E722EE4C6F300C3DC68 /* Assets.xcassets */; };
		04239E7B2EE4C81400C3DC68 /* LocationManager.swift in Sources */ = {isa = PBXBuildFile; fileRef = 04239E7A2EE4C81400C3DC68 /* LocationManager.swift */; };
		046A6B172EE5AD2500EF6104 /* GoogleService-Info.plist in Resources */ = {isa = PBXBuildFile; fileRef = 046A6B162EE5AD2500EF6104 /* GoogleService-Info.plist */; };
		046A6B1A2EE5AD9D00EF6104 /* RegisterViewModel.swift in Sources */ = {isa = PBXBuildFile; fileRef = 046A6B192EE5AD9D00EF6104 /* RegisterViewModel.swift */; };
		046A6B1C2EE5B24C00EF6104 /* LoginViewModel.swift in Sources */ = {isa = PBXBuildFile; fileRef = 046A6B1B2EE5B24C00EF6104 /* LoginViewModel.swift */; };
		046A6B1F2EE5B2DF00EF6104 /* LoginView.swift in Sources */ = {isa = PBXBuildFile; fileRef = 046A6B1E2EE5B2DF00EF6104 /* LoginView.swift */; };
		047504972EE4ADBC00109F6C /* FirebaseAuth in Frameworks */ = {isa = PBXBuildFile; productRef = 047504962EE4ADBC00109F6C /* FirebaseAuth */; };
		047504992EE4ADBC00109F6C /* FirebaseCore in Frameworks */ = {isa = PBXBuildFile; productRef = 047504982EE4ADBC00109F6C /* FirebaseCore */; };
		0475049B2EE4ADBC00109F6C /* FirebaseDatabase in Frameworks */ = {isa = PBXBuildFile; productRef = 0475049A2EE4ADBC00109F6C /* FirebaseDatabase */; };
		0475049D2EE4ADBC00109F6C /* FirebaseFirestore in Frameworks */ = {isa = PBXBuildFile; productRef = 0475049C2EE4ADBC00109F6C /* FirebaseFirestore */; };
		971D51F72EE5FFDB002FF4CF /* MapViewModel.swift in Sources */ = {isa = PBXBuildFile; fileRef = 971D51F52EE5FFDB002FF4CF /* MapViewModel.swift */; };
		971D51F92EE5FFDB002FF4CF /* Place.swift in Sources */ = {isa = PBXBuildFile; fileRef = 971D51F62EE5FFDB002FF4CF /* Place.swift */; };
		971D51FA2EE5FFDB002FF4CF /* MapScreen.swift in Sources */ = {isa = PBXBuildFile; fileRef = 971D51F42EE5FFDB002FF4CF /* MapScreen.swift */; };
		971D51FB2EE5FFDB002FF4CF /* LocationManagerNew.swift in Sources */ = {isa = PBXBuildFile; fileRef = 971D51F22EE5FFDB002FF4CF /* LocationManagerNew.swift */; };
		971D52152EE8A56D002FF4CF /* AdminView.swift in Sources */ = {isa = PBXBuildFile; fileRef = 971D52142EE8A566002FF4CF /* AdminView.swift */; };
		971D52172EE8AA12002FF4CF /* AdminViewModel.swift in Sources */ = {isa = PBXBuildFile; fileRef = 971D52162EE8AA0A002FF4CF /* AdminViewModel.swift */; };
		971D52192EE8B2A7002FF4CF /* AddParkingSheetView.swift in Sources */ = {isa = PBXBuildFile; fileRef = 971D52182EE8B2A7002FF4CF /* AddParkingSheetView.swift */; };
		971D521B2EE98082002FF4CF /* UpdateParkingSheetView.swift in Sources */ = {isa = PBXBuildFile; fileRef = 971D521A2EE98082002FF4CF /* UpdateParkingSheetView.swift */; };
		971D521D2EE99AD5002FF4CF /* ShowParkingSheetView.swift in Sources */ = {isa = PBXBuildFile; fileRef = 971D521C2EE99ACC002FF4CF /* ShowParkingSheetView.swift */; };
/* End PBXBuildFile section */

/* Begin PBXContainerItemProxy section */
		047504792EE4AAB200109F6C /* PBXContainerItemProxy */ = {
			isa = PBXContainerItemProxy;
			containerPortal = 047504632EE4AAAF00109F6C /* Project object */;
			proxyType = 1;
			remoteGlobalIDString = 0475046A2EE4AAAF00109F6C;
			remoteInfo = SpotFinder;
		};
		047504832EE4AAB200109F6C /* PBXContainerItemProxy */ = {
			isa = PBXContainerItemProxy;
			containerPortal = 047504632EE4AAAF00109F6C /* Project object */;
			proxyType = 1;
			remoteGlobalIDString = 0475046A2EE4AAAF00109F6C;
			remoteInfo = SpotFinder;
		};
/* End PBXContainerItemProxy section */

/* Begin PBXFileReference section */
		04239E722EE4C6F300C3DC68 /* Assets.xcassets */ = {isa = PBXFileReference; lastKnownFileType = folder.assetcatalog; path = Assets.xcassets; sourceTree = "<group>"; };
		04239E732EE4C6F300C3DC68 /* ContentView.swift */ = {isa = PBXFileReference; lastKnownFileType = sourcecode.swift; path = ContentView.swift; sourceTree = "<group>"; };
		04239E742EE4C6F300C3DC68 /* SpotFinderApp.swift */ = {isa = PBXFileReference; lastKnownFileType = sourcecode.swift; path = SpotFinderApp.swift; sourceTree = "<group>"; };
		04239E7A2EE4C81400C3DC68 /* LocationManager.swift */ = {isa = PBXFileReference; lastKnownFileType = sourcecode.swift; path = LocationManager.swift; sourceTree = "<group>"; };
		04239E7C2EE4C89A00C3DC68 /* Info.plist */ = {isa = PBXFileReference; lastKnownFileType = text.plist; path = Info.plist; sourceTree = "<group>"; };
		046A6B162EE5AD2500EF6104 /* GoogleService-Info.plist */ = {isa = PBXFileReference; lastKnownFileType = text.plist.xml; path = "GoogleService-Info.plist"; sourceTree = "<group>"; };
		046A6B192EE5AD9D00EF6104 /* RegisterViewModel.swift */ = {isa = PBXFileReference; lastKnownFileType = sourcecode.swift; path = RegisterViewModel.swift; sourceTree = "<group>"; };
		046A6B1B2EE5B24C00EF6104 /* LoginViewModel.swift */ = {isa = PBXFileReference; lastKnownFileType = sourcecode.swift; path = LoginViewModel.swift; sourceTree = "<group>"; };
		046A6B1E2EE5B2DF00EF6104 /* LoginView.swift */ = {isa = PBXFileReference; lastKnownFileType = sourcecode.swift; path = LoginView.swift; sourceTree = "<group>"; };
		0475046B2EE4AAAF00109F6C /* SpotFinder.app */ = {isa = PBXFileReference; explicitFileType = wrapper.application; includeInIndex = 0; path = SpotFinder.app; sourceTree = BUILT_PRODUCTS_DIR; };
		047504782EE4AAB200109F6C /* SpotFinderTests.xctest */ = {isa = PBXFileReference; explicitFileType = wrapper.cfbundle; includeInIndex = 0; path = SpotFinderTests.xctest; sourceTree = BUILT_PRODUCTS_DIR; };
		047504822EE4AAB200109F6C /* SpotFinderUITests.xctest */ = {isa = PBXFileReference; explicitFileType = wrapper.cfbundle; includeInIndex = 0; path = SpotFinderUITests.xctest; sourceTree = BUILT_PRODUCTS_DIR; };
		971D51F22EE5FFDB002FF4CF /* LocationManagerNew.swift */ = {isa = PBXFileReference; lastKnownFileType = sourcecode.swift; path = LocationManagerNew.swift; sourceTree = "<group>"; };
		971D51F42EE5FFDB002FF4CF /* MapScreen.swift */ = {isa = PBXFileReference; lastKnownFileType = sourcecode.swift; path = MapScreen.swift; sourceTree = "<group>"; };
		971D51F52EE5FFDB002FF4CF /* MapViewModel.swift */ = {isa = PBXFileReference; lastKnownFileType = sourcecode.swift; path = MapViewModel.swift; sourceTree = "<group>"; };
		971D51F62EE5FFDB002FF4CF /* Place.swift */ = {isa = PBXFileReference; lastKnownFileType = sourcecode.swift; path = Place.swift; sourceTree = "<group>"; };
		971D52142EE8A566002FF4CF /* AdminView.swift */ = {isa = PBXFileReference; lastKnownFileType = sourcecode.swift; path = AdminView.swift; sourceTree = "<group>"; };
		971D52162EE8AA0A002FF4CF /* AdminViewModel.swift */ = {isa = PBXFileReference; lastKnownFileType = sourcecode.swift; path = AdminViewModel.swift; sourceTree = "<group>"; };
		971D52182EE8B2A7002FF4CF /* AddParkingSheetView.swift */ = {isa = PBXFileReference; lastKnownFileType = sourcecode.swift; path = AddParkingSheetView.swift; sourceTree = "<group>"; };
		971D521A2EE98082002FF4CF /* UpdateParkingSheetView.swift */ = {isa = PBXFileReference; lastKnownFileType = sourcecode.swift; path = UpdateParkingSheetView.swift; sourceTree = "<group>"; };
		971D521C2EE99ACC002FF4CF /* ShowParkingSheetView.swift */ = {isa = PBXFileReference; lastKnownFileType = sourcecode.swift; path = ShowParkingSheetView.swift; sourceTree = "<group>"; };
/* End PBXFileReference section */

/* Begin PBXFileSystemSynchronizedRootGroup section */
		0475047B2EE4AAB200109F6C /* SpotFinderTests */ = {
			isa = PBXFileSystemSynchronizedRootGroup;
			path = SpotFinderTests;
			sourceTree = "<group>";
		};
		047504852EE4AAB200109F6C /* SpotFinderUITests */ = {
			isa = PBXFileSystemSynchronizedRootGroup;
			path = SpotFinderUITests;
			sourceTree = "<group>";
		};
/* End PBXFileSystemSynchronizedRootGroup section */

/* Begin PBXFrameworksBuildPhase section */
		047504682EE4AAAF00109F6C /* Frameworks */ = {
			isa = PBXFrameworksBuildPhase;
			buildActionMask = 2147483647;
			files = (
				0475049B2EE4ADBC00109F6C /* FirebaseDatabase in Frameworks */,
				0475049D2EE4ADBC00109F6C /* FirebaseFirestore in Frameworks */,
				047504992EE4ADBC00109F6C /* FirebaseCore in Frameworks */,
				047504972EE4ADBC00109F6C /* FirebaseAuth in Frameworks */,
			);
			runOnlyForDeploymentPostprocessing = 0;
		};
		047504752EE4AAB200109F6C /* Frameworks */ = {
			isa = PBXFrameworksBuildPhase;
			buildActionMask = 2147483647;
			files = (
			);
			runOnlyForDeploymentPostprocessing = 0;
		};
		0475047F2EE4AAB200109F6C /* Frameworks */ = {
			isa = PBXFrameworksBuildPhase;
			buildActionMask = 2147483647;
			files = (
			);
			runOnlyForDeploymentPostprocessing = 0;
		};
/* End PBXFrameworksBuildPhase section */

/* Begin PBXGroup section */
		04239E752EE4C6F300C3DC68 /* SpotFinder */ = {
			isa = PBXGroup;
			children = (
				971D52132EE8A559002FF4CF /* Admin */,
				971D51F12EE5FFB6002FF4CF /* SpotMap */,
				046A6B1D2EE5B2C600EF6104 /* AuthView */,
				046A6B182EE5AD8000EF6104 /* AuthViewModel */,
				04239E7C2EE4C89A00C3DC68 /* Info.plist */,
				046A6B162EE5AD2500EF6104 /* GoogleService-Info.plist */,
				04239E792EE4C7F800C3DC68 /* LocationHelper */,
				04239E722EE4C6F300C3DC68 /* Assets.xcassets */,
				04239E732EE4C6F300C3DC68 /* ContentView.swift */,
				04239E742EE4C6F300C3DC68 /* SpotFinderApp.swift */,
			);
			path = SpotFinder;
			sourceTree = "<group>";
		};
		04239E792EE4C7F800C3DC68 /* LocationHelper */ = {
			isa = PBXGroup;
			children = (
				04239E7A2EE4C81400C3DC68 /* LocationManager.swift */,
			);
			path = LocationHelper;
			sourceTree = "<group>";
		};
		046A6B182EE5AD8000EF6104 /* AuthViewModel */ = {
			isa = PBXGroup;
			children = (
				046A6B192EE5AD9D00EF6104 /* RegisterViewModel.swift */,
				046A6B1B2EE5B24C00EF6104 /* LoginViewModel.swift */,
			);
			path = AuthViewModel;
			sourceTree = "<group>";
		};
		046A6B1D2EE5B2C600EF6104 /* AuthView */ = {
			isa = PBXGroup;
			children = (
				046A6B1E2EE5B2DF00EF6104 /* LoginView.swift */,
			);
			path = AuthView;
			sourceTree = "<group>";
		};
		047504622EE4AAAF00109F6C = {
			isa = PBXGroup;
			children = (
				04239E752EE4C6F300C3DC68 /* SpotFinder */,
				0475047B2EE4AAB200109F6C /* SpotFinderTests */,
				047504852EE4AAB200109F6C /* SpotFinderUITests */,
				0475046C2EE4AAAF00109F6C /* Products */,
			);
			sourceTree = "<group>";
		};
		0475046C2EE4AAAF00109F6C /* Products */ = {
			isa = PBXGroup;
			children = (
				0475046B2EE4AAAF00109F6C /* SpotFinder.app */,
				047504782EE4AAB200109F6C /* SpotFinderTests.xctest */,
				047504822EE4AAB200109F6C /* SpotFinderUITests.xctest */,
			);
			name = Products;
			sourceTree = "<group>";
		};
		971D51F12EE5FFB6002FF4CF /* SpotMap */ = {
			isa = PBXGroup;
			children = (
				971D521C2EE99ACC002FF4CF /* ShowParkingSheetView.swift */,
				971D51F22EE5FFDB002FF4CF /* LocationManagerNew.swift */,
				971D51F42EE5FFDB002FF4CF /* MapScreen.swift */,
				971D51F52EE5FFDB002FF4CF /* MapViewModel.swift */,
				971D51F62EE5FFDB002FF4CF /* Place.swift */,
			);
			path = SpotMap;
			sourceTree = "<group>";
		};
		971D52132EE8A559002FF4CF /* Admin */ = {
			isa = PBXGroup;
			children = (
				971D521A2EE98082002FF4CF /* UpdateParkingSheetView.swift */,
				971D52182EE8B2A7002FF4CF /* AddParkingSheetView.swift */,
				971D52162EE8AA0A002FF4CF /* AdminViewModel.swift */,
				971D52142EE8A566002FF4CF /* AdminView.swift */,
			);
			path = Admin;
			sourceTree = "<group>";
		};
/* End PBXGroup section */

/* Begin PBXNativeTarget section */
		0475046A2EE4AAAF00109F6C /* SpotFinder */ = {
			isa = PBXNativeTarget;
			buildConfigurationList = 0475048C2EE4AAB200109F6C /* Build configuration list for PBXNativeTarget "SpotFinder" */;
			buildPhases = (
				047504672EE4AAAF00109F6C /* Sources */,
				047504682EE4AAAF00109F6C /* Frameworks */,
				047504692EE4AAAF00109F6C /* Resources */,
			);
			buildRules = (
			);
			dependencies = (
			);
			name = SpotFinder;
			packageProductDependencies = (
				047504962EE4ADBC00109F6C /* FirebaseAuth */,
				047504982EE4ADBC00109F6C /* FirebaseCore */,
				0475049A2EE4ADBC00109F6C /* FirebaseDatabase */,
				0475049C2EE4ADBC00109F6C /* FirebaseFirestore */,
			);
			productName = SpotFinder;
			productReference = 0475046B2EE4AAAF00109F6C /* SpotFinder.app */;
			productType = "com.apple.product-type.application";
		};
		047504772EE4AAB200109F6C /* SpotFinderTests */ = {
			isa = PBXNativeTarget;
			buildConfigurationList = 0475048F2EE4AAB200109F6C /* Build configuration list for PBXNativeTarget "SpotFinderTests" */;
			buildPhases = (
				047504742EE4AAB200109F6C /* Sources */,
				047504752EE4AAB200109F6C /* Frameworks */,
				047504762EE4AAB200109F6C /* Resources */,
			);
			buildRules = (
			);
			dependencies = (
				0475047A2EE4AAB200109F6C /* PBXTargetDependency */,
			);
			fileSystemSynchronizedGroups = (
				0475047B2EE4AAB200109F6C /* SpotFinderTests */,
			);
			name = SpotFinderTests;
			packageProductDependencies = (
			);
			productName = SpotFinderTests;
			productReference = 047504782EE4AAB200109F6C /* SpotFinderTests.xctest */;
			productType = "com.apple.product-type.bundle.unit-test";
		};
		047504812EE4AAB200109F6C /* SpotFinderUITests */ = {
			isa = PBXNativeTarget;
			buildConfigurationList = 047504922EE4AAB200109F6C /* Build configuration list for PBXNativeTarget "SpotFinderUITests" */;
			buildPhases = (
				0475047E2EE4AAB200109F6C /* Sources */,
				0475047F2EE4AAB200109F6C /* Frameworks */,
				047504802EE4AAB200109F6C /* Resources */,
			);
			buildRules = (
			);
			dependencies = (
				047504842EE4AAB200109F6C /* PBXTargetDependency */,
			);
			fileSystemSynchronizedGroups = (
				047504852EE4AAB200109F6C /* SpotFinderUITests */,
			);
			name = SpotFinderUITests;
			packageProductDependencies = (
			);
			productName = SpotFinderUITests;
			productReference = 047504822EE4AAB200109F6C /* SpotFinderUITests.xctest */;
			productType = "com.apple.product-type.bundle.ui-testing";
		};
/* End PBXNativeTarget section */

/* Begin PBXProject section */
		047504632EE4AAAF00109F6C /* Project object */ = {
			isa = PBXProject;
			attributes = {
				BuildIndependentTargetsInParallel = 1;
				LastSwiftUpdateCheck = 2600;
				LastUpgradeCheck = 2600;
				TargetAttributes = {
					0475046A2EE4AAAF00109F6C = {
						CreatedOnToolsVersion = 26.0.1;
					};
					047504772EE4AAB200109F6C = {
						CreatedOnToolsVersion = 26.0.1;
						TestTargetID = 0475046A2EE4AAAF00109F6C;
					};
					047504812EE4AAB200109F6C = {
						CreatedOnToolsVersion = 26.0.1;
						TestTargetID = 0475046A2EE4AAAF00109F6C;
					};
				};
			};
			buildConfigurationList = 047504662EE4AAAF00109F6C /* Build configuration list for PBXProject "SpotFinder" */;
			developmentRegion = en;
			hasScannedForEncodings = 0;
			knownRegions = (
				en,
				Base,
			);
			mainGroup = 047504622EE4AAAF00109F6C;
			minimizedProjectReferenceProxies = 1;
			packageReferences = (
				047504952EE4ADBC00109F6C /* XCRemoteSwiftPackageReference "firebase-ios-sdk" */,
			);
			preferredProjectObjectVersion = 77;
			productRefGroup = 0475046C2EE4AAAF00109F6C /* Products */;
			projectDirPath = "";
			projectRoot = "";
			targets = (
				0475046A2EE4AAAF00109F6C /* SpotFinder */,
				047504772EE4AAB200109F6C /* SpotFinderTests */,
				047504812EE4AAB200109F6C /* SpotFinderUITests */,
			);
		};
/* End PBXProject section */

/* Begin PBXResourcesBuildPhase section */
		047504692EE4AAAF00109F6C /* Resources */ = {
			isa = PBXResourcesBuildPhase;
			buildActionMask = 2147483647;
			files = (
				04239E782EE4C6F300C3DC68 /* Assets.xcassets in Resources */,
				046A6B172EE5AD2500EF6104 /* GoogleService-Info.plist in Resources */,
			);
			runOnlyForDeploymentPostprocessing = 0;
		};
		047504762EE4AAB200109F6C /* Resources */ = {
			isa = PBXResourcesBuildPhase;
			buildActionMask = 2147483647;
			files = (
			);
			runOnlyForDeploymentPostprocessing = 0;
		};
		047504802EE4AAB200109F6C /* Resources */ = {
			isa = PBXResourcesBuildPhase;
			buildActionMask = 2147483647;
			files = (
			);
			runOnlyForDeploymentPostprocessing = 0;
		};
/* End PBXResourcesBuildPhase section */

/* Begin PBXSourcesBuildPhase section */
		047504672EE4AAAF00109F6C /* Sources */ = {
			isa = PBXSourcesBuildPhase;
			buildActionMask = 2147483647;
			files = (
				971D521D2EE99AD5002FF4CF /* ShowParkingSheetView.swift in Sources */,
				971D52172EE8AA12002FF4CF /* AdminViewModel.swift in Sources */,
				971D51F72EE5FFDB002FF4CF /* MapViewModel.swift in Sources */,
				971D51F92EE5FFDB002FF4CF /* Place.swift in Sources */,
				971D52152EE8A56D002FF4CF /* AdminView.swift in Sources */,
				971D51FA2EE5FFDB002FF4CF /* MapScreen.swift in Sources */,
				971D51FB2EE5FFDB002FF4CF /* LocationManagerNew.swift in Sources */,
				046A6B1F2EE5B2DF00EF6104 /* LoginView.swift in Sources */,
				04239E762EE4C6F300C3DC68 /* ContentView.swift in Sources */,
				04239E772EE4C6F300C3DC68 /* SpotFinderApp.swift in Sources */,
				971D521B2EE98082002FF4CF /* UpdateParkingSheetView.swift in Sources */,
				04239E7B2EE4C81400C3DC68 /* LocationManager.swift in Sources */,
				046A6B1C2EE5B24C00EF6104 /* LoginViewModel.swift in Sources */,
				971D52192EE8B2A7002FF4CF /* AddParkingSheetView.swift in Sources */,
				046A6B1A2EE5AD9D00EF6104 /* RegisterViewModel.swift in Sources */,
			);
			runOnlyForDeploymentPostprocessing = 0;
		};
		047504742EE4AAB200109F6C /* Sources */ = {
			isa = PBXSourcesBuildPhase;
			buildActionMask = 2147483647;
			files = (
			);
			runOnlyForDeploymentPostprocessing = 0;
		};
		0475047E2EE4AAB200109F6C /* Sources */ = {
			isa = PBXSourcesBuildPhase;
			buildActionMask = 2147483647;
			files = (
			);
			runOnlyForDeploymentPostprocessing = 0;
		};
/* End PBXSourcesBuildPhase section */

/* Begin PBXTargetDependency section */
		0475047A2EE4AAB200109F6C /* PBXTargetDependency */ = {
			isa = PBXTargetDependency;
			target = 0475046A2EE4AAAF00109F6C /* SpotFinder */;
			targetProxy = 047504792EE4AAB200109F6C /* PBXContainerItemProxy */;
		};
		047504842EE4AAB200109F6C /* PBXTargetDependency */ = {
			isa = PBXTargetDependency;
			target = 0475046A2EE4AAAF00109F6C /* SpotFinder */;
			targetProxy = 047504832EE4AAB200109F6C /* PBXContainerItemProxy */;
		};
/* End PBXTargetDependency section */

/* Begin XCBuildConfiguration section */
		0475048A2EE4AAB200109F6C /* Debug */ = {
			isa = XCBuildConfiguration;
			buildSettings = {
				ALWAYS_SEARCH_USER_PATHS = NO;
				ASSETCATALOG_COMPILER_GENERATE_SWIFT_ASSET_SYMBOL_EXTENSIONS = YES;
				CLANG_ANALYZER_NONNULL = YES;
				CLANG_ANALYZER_NUMBER_OBJECT_CONVERSION = YES_AGGRESSIVE;
				CLANG_CXX_LANGUAGE_STANDARD = "gnu++20";
				CLANG_ENABLE_MODULES = YES;
				CLANG_ENABLE_OBJC_ARC = YES;
				CLANG_ENABLE_OBJC_WEAK = YES;
				CLANG_WARN_BLOCK_CAPTURE_AUTORELEASING = YES;
				CLANG_WARN_BOOL_CONVERSION = YES;
				CLANG_WARN_COMMA = YES;
				CLANG_WARN_CONSTANT_CONVERSION = YES;
				CLANG_WARN_DEPRECATED_OBJC_IMPLEMENTATIONS = YES;
				CLANG_WARN_DIRECT_OBJC_ISA_USAGE = YES_ERROR;
				CLANG_WARN_DOCUMENTATION_COMMENTS = YES;
				CLANG_WARN_EMPTY_BODY = YES;
				CLANG_WARN_ENUM_CONVERSION = YES;
				CLANG_WARN_INFINITE_RECURSION = YES;
				CLANG_WARN_INT_CONVERSION = YES;
				CLANG_WARN_NON_LITERAL_NULL_CONVERSION = YES;
				CLANG_WARN_OBJC_IMPLICIT_RETAIN_SELF = YES;
				CLANG_WARN_OBJC_LITERAL_CONVERSION = YES;
				CLANG_WARN_OBJC_ROOT_CLASS = YES_ERROR;
				CLANG_WARN_QUOTED_INCLUDE_IN_FRAMEWORK_HEADER = YES;
				CLANG_WARN_RANGE_LOOP_ANALYSIS = YES;
				CLANG_WARN_STRICT_PROTOTYPES = YES;
				CLANG_WARN_SUSPICIOUS_MOVE = YES;
				CLANG_WARN_UNGUARDED_AVAILABILITY = YES_AGGRESSIVE;
				CLANG_WARN_UNREACHABLE_CODE = YES;
				CLANG_WARN__DUPLICATE_METHOD_MATCH = YES;
				COPY_PHASE_STRIP = NO;
				DEBUG_INFORMATION_FORMAT = dwarf;
				ENABLE_STRICT_OBJC_MSGSEND = YES;
				ENABLE_TESTABILITY = YES;
				ENABLE_USER_SCRIPT_SANDBOXING = YES;
				GCC_C_LANGUAGE_STANDARD = gnu17;
				GCC_DYNAMIC_NO_PIC = NO;
				GCC_NO_COMMON_BLOCKS = YES;
				GCC_OPTIMIZATION_LEVEL = 0;
				GCC_PREPROCESSOR_DEFINITIONS = (
					"DEBUG=1",
					"$(inherited)",
				);
				GCC_WARN_64_TO_32_BIT_CONVERSION = YES;
				GCC_WARN_ABOUT_RETURN_TYPE = YES_ERROR;
				GCC_WARN_UNDECLARED_SELECTOR = YES;
				GCC_WARN_UNINITIALIZED_AUTOS = YES_AGGRESSIVE;
				GCC_WARN_UNUSED_FUNCTION = YES;
				GCC_WARN_UNUSED_VARIABLE = YES;
				IPHONEOS_DEPLOYMENT_TARGET = 26.0;
				LOCALIZATION_PREFERS_STRING_CATALOGS = YES;
				MTL_ENABLE_DEBUG_INFO = INCLUDE_SOURCE;
				MTL_FAST_MATH = YES;
				ONLY_ACTIVE_ARCH = YES;
				SDKROOT = iphoneos;
				SWIFT_ACTIVE_COMPILATION_CONDITIONS = "DEBUG $(inherited)";
				SWIFT_OPTIMIZATION_LEVEL = "-Onone";
			};
			name = Debug;
		};
		0475048B2EE4AAB200109F6C /* Release */ = {
			isa = XCBuildConfiguration;
			buildSettings = {
				ALWAYS_SEARCH_USER_PATHS = NO;
				ASSETCATALOG_COMPILER_GENERATE_SWIFT_ASSET_SYMBOL_EXTENSIONS = YES;
				CLANG_ANALYZER_NONNULL = YES;
				CLANG_ANALYZER_NUMBER_OBJECT_CONVERSION = YES_AGGRESSIVE;
				CLANG_CXX_LANGUAGE_STANDARD = "gnu++20";
				CLANG_ENABLE_MODULES = YES;
				CLANG_ENABLE_OBJC_ARC = YES;
				CLANG_ENABLE_OBJC_WEAK = YES;
				CLANG_WARN_BLOCK_CAPTURE_AUTORELEASING = YES;
				CLANG_WARN_BOOL_CONVERSION = YES;
				CLANG_WARN_COMMA = YES;
				CLANG_WARN_CONSTANT_CONVERSION = YES;
				CLANG_WARN_DEPRECATED_OBJC_IMPLEMENTATIONS = YES;
				CLANG_WARN_DIRECT_OBJC_ISA_USAGE = YES_ERROR;
				CLANG_WARN_DOCUMENTATION_COMMENTS = YES;
				CLANG_WARN_EMPTY_BODY = YES;
				CLANG_WARN_ENUM_CONVERSION = YES;
				CLANG_WARN_INFINITE_RECURSION = YES;
				CLANG_WARN_INT_CONVERSION = YES;
				CLANG_WARN_NON_LITERAL_NULL_CONVERSION = YES;
				CLANG_WARN_OBJC_IMPLICIT_RETAIN_SELF = YES;
				CLANG_WARN_OBJC_LITERAL_CONVERSION = YES;
				CLANG_WARN_OBJC_ROOT_CLASS = YES_ERROR;
				CLANG_WARN_QUOTED_INCLUDE_IN_FRAMEWORK_HEADER = YES;
				CLANG_WARN_RANGE_LOOP_ANALYSIS = YES;
				CLANG_WARN_STRICT_PROTOTYPES = YES;
				CLANG_WARN_SUSPICIOUS_MOVE = YES;
				CLANG_WARN_UNGUARDED_AVAILABILITY = YES_AGGRESSIVE;
				CLANG_WARN_UNREACHABLE_CODE = YES;
				CLANG_WARN__DUPLICATE_METHOD_MATCH = YES;
				COPY_PHASE_STRIP = NO;
				DEBUG_INFORMATION_FORMAT = "dwarf-with-dsym";
				ENABLE_NS_ASSERTIONS = NO;
				ENABLE_STRICT_OBJC_MSGSEND = YES;
				ENABLE_USER_SCRIPT_SANDBOXING = YES;
				GCC_C_LANGUAGE_STANDARD = gnu17;
				GCC_NO_COMMON_BLOCKS = YES;
				GCC_WARN_64_TO_32_BIT_CONVERSION = YES;
				GCC_WARN_ABOUT_RETURN_TYPE = YES_ERROR;
				GCC_WARN_UNDECLARED_SELECTOR = YES;
				GCC_WARN_UNINITIALIZED_AUTOS = YES_AGGRESSIVE;
				GCC_WARN_UNUSED_FUNCTION = YES;
				GCC_WARN_UNUSED_VARIABLE = YES;
				IPHONEOS_DEPLOYMENT_TARGET = 26.0;
				LOCALIZATION_PREFERS_STRING_CATALOGS = YES;
				MTL_ENABLE_DEBUG_INFO = NO;
				MTL_FAST_MATH = YES;
				SDKROOT = iphoneos;
				SWIFT_COMPILATION_MODE = wholemodule;
				VALIDATE_PRODUCT = YES;
			};
			name = Release;
		};
		0475048D2EE4AAB200109F6C /* Debug */ = {
			isa = XCBuildConfiguration;
			buildSettings = {
				ASSETCATALOG_COMPILER_APPICON_NAME = AppIcon;
				ASSETCATALOG_COMPILER_GLOBAL_ACCENT_COLOR_NAME = AccentColor;
				CODE_SIGN_STYLE = Automatic;
				CURRENT_PROJECT_VERSION = 1;
				DEVELOPMENT_TEAM = 2FLMC6SRKL;
				ENABLE_PREVIEWS = YES;
				GENERATE_INFOPLIST_FILE = YES;
				INFOPLIST_FILE = SpotFinder/Info.plist;
				INFOPLIST_KEY_NSLocationAlwaysAndWhenInUseUsageDescription = "We need background location access for continuous tracking.";
				INFOPLIST_KEY_NSLocationWhenInUseUsageDescription = "We need your location to show relevant nearby data.";
				INFOPLIST_KEY_UIApplicationSceneManifest_Generation = YES;
				INFOPLIST_KEY_UIApplicationSupportsIndirectInputEvents = YES;
				INFOPLIST_KEY_UILaunchScreen_Generation = YES;
				INFOPLIST_KEY_UISupportedInterfaceOrientations_iPad = "UIInterfaceOrientationPortrait UIInterfaceOrientationPortraitUpsideDown UIInterfaceOrientationLandscapeLeft UIInterfaceOrientationLandscapeRight";
				INFOPLIST_KEY_UISupportedInterfaceOrientations_iPhone = "UIInterfaceOrientationPortrait UIInterfaceOrientationLandscapeLeft UIInterfaceOrientationLandscapeRight";
				IPHONEOS_DEPLOYMENT_TARGET = 17.6;
				LD_RUNPATH_SEARCH_PATHS = (
					"$(inherited)",
					"@executable_path/Frameworks",
				);
				MARKETING_VERSION = 1.0;
				PRODUCT_BUNDLE_IDENTIFIER = com.esperanza.game;
				PRODUCT_NAME = "$(TARGET_NAME)";
				STRING_CATALOG_GENERATE_SYMBOLS = YES;
				SWIFT_APPROACHABLE_CONCURRENCY = YES;
				SWIFT_DEFAULT_ACTOR_ISOLATION = MainActor;
				SWIFT_EMIT_LOC_STRINGS = YES;
				SWIFT_UPCOMING_FEATURE_MEMBER_IMPORT_VISIBILITY = YES;
				SWIFT_VERSION = 5.0;
				TARGETED_DEVICE_FAMILY = "1,2";
			};
			name = Debug;
		};
		0475048E2EE4AAB200109F6C /* Release */ = {
			isa = XCBuildConfiguration;
			buildSettings = {
				ASSETCATALOG_COMPILER_APPICON_NAME = AppIcon;
				ASSETCATALOG_COMPILER_GLOBAL_ACCENT_COLOR_NAME = AccentColor;
				CODE_SIGN_STYLE = Automatic;
				CURRENT_PROJECT_VERSION = 1;
				DEVELOPMENT_TEAM = 2FLMC6SRKL;
				ENABLE_PREVIEWS = YES;
				GENERATE_INFOPLIST_FILE = YES;
				INFOPLIST_FILE = SpotFinder/Info.plist;
				INFOPLIST_KEY_NSLocationAlwaysAndWhenInUseUsageDescription = "We need background location access for continuous tracking.";
				INFOPLIST_KEY_NSLocationWhenInUseUsageDescription = "We need your location to show relevant nearby data.";
				INFOPLIST_KEY_UIApplicationSceneManifest_Generation = YES;
				INFOPLIST_KEY_UIApplicationSupportsIndirectInputEvents = YES;
				INFOPLIST_KEY_UILaunchScreen_Generation = YES;
				INFOPLIST_KEY_UISupportedInterfaceOrientations_iPad = "UIInterfaceOrientationPortrait UIInterfaceOrientationPortraitUpsideDown UIInterfaceOrientationLandscapeLeft UIInterfaceOrientationLandscapeRight";
				INFOPLIST_KEY_UISupportedInterfaceOrientations_iPhone = "UIInterfaceOrientationPortrait UIInterfaceOrientationLandscapeLeft UIInterfaceOrientationLandscapeRight";
				IPHONEOS_DEPLOYMENT_TARGET = 17.6;
				LD_RUNPATH_SEARCH_PATHS = (
					"$(inherited)",
					"@executable_path/Frameworks",
				);
				MARKETING_VERSION = 1.0;
				PRODUCT_BUNDLE_IDENTIFIER = com.esperanza.game;
				PRODUCT_NAME = "$(TARGET_NAME)";
				STRING_CATALOG_GENERATE_SYMBOLS = YES;
				SWIFT_APPROACHABLE_CONCURRENCY = YES;
				SWIFT_DEFAULT_ACTOR_ISOLATION = MainActor;
				SWIFT_EMIT_LOC_STRINGS = YES;
				SWIFT_UPCOMING_FEATURE_MEMBER_IMPORT_VISIBILITY = YES;
				SWIFT_VERSION = 5.0;
				TARGETED_DEVICE_FAMILY = "1,2";
			};
			name = Release;
		};
		047504902EE4AAB200109F6C /* Debug */ = {
			isa = XCBuildConfiguration;
			buildSettings = {
				BUNDLE_LOADER = "$(TEST_HOST)";
				CODE_SIGN_STYLE = Automatic;
				CURRENT_PROJECT_VERSION = 1;
				GENERATE_INFOPLIST_FILE = YES;
				IPHONEOS_DEPLOYMENT_TARGET = 26.0;
				MARKETING_VERSION = 1.0;
				PRODUCT_BUNDLE_IDENTIFIER = com.SpotFinderTests;
				PRODUCT_NAME = "$(TARGET_NAME)";
				STRING_CATALOG_GENERATE_SYMBOLS = NO;
				SWIFT_APPROACHABLE_CONCURRENCY = YES;
				SWIFT_EMIT_LOC_STRINGS = NO;
				SWIFT_UPCOMING_FEATURE_MEMBER_IMPORT_VISIBILITY = YES;
				SWIFT_VERSION = 5.0;
				TARGETED_DEVICE_FAMILY = "1,2";
				TEST_HOST = "$(BUILT_PRODUCTS_DIR)/SpotFinder.app/$(BUNDLE_EXECUTABLE_FOLDER_PATH)/SpotFinder";
			};
			name = Debug;
		};
		047504912EE4AAB200109F6C /* Release */ = {
			isa = XCBuildConfiguration;
			buildSettings = {
				BUNDLE_LOADER = "$(TEST_HOST)";
				CODE_SIGN_STYLE = Automatic;
				CURRENT_PROJECT_VERSION = 1;
				GENERATE_INFOPLIST_FILE = YES;
				IPHONEOS_DEPLOYMENT_TARGET = 26.0;
				MARKETING_VERSION = 1.0;
				PRODUCT_BUNDLE_IDENTIFIER = com.SpotFinderTests;
				PRODUCT_NAME = "$(TARGET_NAME)";
				STRING_CATALOG_GENERATE_SYMBOLS = NO;
				SWIFT_APPROACHABLE_CONCURRENCY = YES;
				SWIFT_EMIT_LOC_STRINGS = NO;
				SWIFT_UPCOMING_FEATURE_MEMBER_IMPORT_VISIBILITY = YES;
				SWIFT_VERSION = 5.0;
				TARGETED_DEVICE_FAMILY = "1,2";
				TEST_HOST = "$(BUILT_PRODUCTS_DIR)/SpotFinder.app/$(BUNDLE_EXECUTABLE_FOLDER_PATH)/SpotFinder";
			};
			name = Release;
		};
		047504932EE4AAB200109F6C /* Debug */ = {
			isa = XCBuildConfiguration;
			buildSettings = {
				CODE_SIGN_STYLE = Automatic;
				CURRENT_PROJECT_VERSION = 1;
				GENERATE_INFOPLIST_FILE = YES;
				MARKETING_VERSION = 1.0;
				PRODUCT_BUNDLE_IDENTIFIER = com.SpotFinderUITests;
				PRODUCT_NAME = "$(TARGET_NAME)";
				STRING_CATALOG_GENERATE_SYMBOLS = NO;
				SWIFT_APPROACHABLE_CONCURRENCY = YES;
				SWIFT_EMIT_LOC_STRINGS = NO;
				SWIFT_UPCOMING_FEATURE_MEMBER_IMPORT_VISIBILITY = YES;
				SWIFT_VERSION = 5.0;
				TARGETED_DEVICE_FAMILY = "1,2";
				TEST_TARGET_NAME = SpotFinder;
			};
			name = Debug;
		};
		047504942EE4AAB200109F6C /* Release */ = {
			isa = XCBuildConfiguration;
			buildSettings = {
				CODE_SIGN_STYLE = Automatic;
				CURRENT_PROJECT_VERSION = 1;
				GENERATE_INFOPLIST_FILE = YES;
				MARKETING_VERSION = 1.0;
				PRODUCT_BUNDLE_IDENTIFIER = com.SpotFinderUITests;
				PRODUCT_NAME = "$(TARGET_NAME)";
				STRING_CATALOG_GENERATE_SYMBOLS = NO;
				SWIFT_APPROACHABLE_CONCURRENCY = YES;
				SWIFT_EMIT_LOC_STRINGS = NO;
				SWIFT_UPCOMING_FEATURE_MEMBER_IMPORT_VISIBILITY = YES;
				SWIFT_VERSION = 5.0;
				TARGETED_DEVICE_FAMILY = "1,2";
				TEST_TARGET_NAME = SpotFinder;
			};
			name = Release;
		};
/* End XCBuildConfiguration section */

/* Begin XCConfigurationList section */
		047504662EE4AAAF00109F6C /* Build configuration list for PBXProject "SpotFinder" */ = {
			isa = XCConfigurationList;
			buildConfigurations = (
				0475048A2EE4AAB200109F6C /* Debug */,
				0475048B2EE4AAB200109F6C /* Release */,
			);
			defaultConfigurationIsVisible = 0;
			defaultConfigurationName = Release;
		};
		0475048C2EE4AAB200109F6C /* Build configuration list for PBXNativeTarget "SpotFinder" */ = {
			isa = XCConfigurationList;
			buildConfigurations = (
				0475048D2EE4AAB200109F6C /* Debug */,
				0475048E2EE4AAB200109F6C /* Release */,
			);
			defaultConfigurationIsVisible = 0;
			defaultConfigurationName = Release;
		};
		0475048F2EE4AAB200109F6C /* Build configuration list for PBXNativeTarget "SpotFinderTests" */ = {
			isa = XCConfigurationList;
			buildConfigurations = (
				047504902EE4AAB200109F6C /* Debug */,
				047504912EE4AAB200109F6C /* Release */,
			);
			defaultConfigurationIsVisible = 0;
			defaultConfigurationName = Release;
		};
		047504922EE4AAB200109F6C /* Build configuration list for PBXNativeTarget "SpotFinderUITests" */ = {
			isa = XCConfigurationList;
			buildConfigurations = (
				047504932EE4AAB200109F6C /* Debug */,
				047504942EE4AAB200109F6C /* Release */,
			);
			defaultConfigurationIsVisible = 0;
			defaultConfigurationName = Release;
		};
/* End XCConfigurationList section */

/* Begin XCRemoteSwiftPackageReference section */
		047504952EE4ADBC00109F6C /* XCRemoteSwiftPackageReference "firebase-ios-sdk" */ = {
			isa = XCRemoteSwiftPackageReference;
			repositoryURL = "https://github.com/firebase/firebase-ios-sdk";
			requirement = {
				kind = upToNextMajorVersion;
				minimumVersion = 12.6.0;
			};
		};
/* End XCRemoteSwiftPackageReference section */

/* Begin XCSwiftPackageProductDependency section */
		047504962EE4ADBC00109F6C /* FirebaseAuth */ = {
			isa = XCSwiftPackageProductDependency;
			package = 047504952EE4ADBC00109F6C /* XCRemoteSwiftPackageReference "firebase-ios-sdk" */;
			productName = FirebaseAuth;
		};
		047504982EE4ADBC00109F6C /* FirebaseCore */ = {
			isa = XCSwiftPackageProductDependency;
			package = 047504952EE4ADBC00109F6C /* XCRemoteSwiftPackageReference "firebase-ios-sdk" */;
			productName = FirebaseCore;
		};
		0475049A2EE4ADBC00109F6C /* FirebaseDatabase */ = {
			isa = XCSwiftPackageProductDependency;
			package = 047504952EE4ADBC00109F6C /* XCRemoteSwiftPackageReference "firebase-ios-sdk" */;
			productName = FirebaseDatabase;
		};
		0475049C2EE4ADBC00109F6C /* FirebaseFirestore */ = {
			isa = XCSwiftPackageProductDependency;
			package = 047504952EE4ADBC00109F6C /* XCRemoteSwiftPackageReference "firebase-ios-sdk" */;
			productName = FirebaseFirestore;
		};
/* End XCSwiftPackageProductDependency section */
	};
	rootObject = 047504632EE4AAAF00109F6C /* Project object */;
}
